
Microsoft Visual Studio Solution File, Format Version 12.00
# Visual Studio 15
VisualStudioVersion = 15.0.28010.2016
MinimumVisualStudioVersion = 10.0.40219.1
Project("{9A19103F-16F7-4668-BE54-9A1E7A4F7556}") = "PetShopApp.Core.Entity", "PetShopApp.Core.Entity\PetShopApp.Core.Entity.csproj", "{F3FF1A9B-F0FB-4EF8-AB5F-CCDD17074975}"
EndProject
Project("{9A19103F-16F7-4668-BE54-9A1E7A4F7556}") = "PetShopApp.Core", "PetShopApp.Core\PetShopApp.Core.csproj", "{8F5BCB69-5C98-45AC-8D0E-BC6243391C4F}"
EndProject
Project("{2150E333-8FDC-42A3-9474-1A3956D46DE8}") = "Core", "Core", "{48D91CCC-31F9-4AAC-974E-D4F0A41FF3B4}"
EndProject
Project("{2150E333-8FDC-42A3-9474-1A3956D46DE8}") = "Infastructure", "Infastructure", "{EC3C8F06-0938-42A1-AEFD-6AD8B7EC79CE}"
EndProject
Project("{2150E333-8FDC-42A3-9474-1A3956D46DE8}") = "UI", "UI", "{56E78607-6945-45AD-B557-A8DFA6598126}"
EndProject
Project("{9A19103F-16F7-4668-BE54-9A1E7A4F7556}") = "PetShop.RestApi", "PetShop.RestApi\PetShop.RestApi.csproj", "{BF8E05BA-6265-439F-9855-91B8E7E8EE42}"
EndProject
Project("{FAE04EC0-301F-11D3-BF4B-00C04F79EFBC}") = "PetShopApp.Infrastucture.Data", "PetShopApp.Infrastucture.Data\PetShopApp.Infrastucture.Data.csproj", "{45303792-1D14-47AF-A772-135CCBB4E297}"
EndProject
Global
	GlobalSection(SolutionConfigurationPlatforms) = preSolution
		Debug|Any CPU = Debug|Any CPU
		Release|Any CPU = Release|Any CPU
	EndGlobalSection
	GlobalSection(ProjectConfigurationPlatforms) = postSolution
		{F3FF1A9B-F0FB-4EF8-AB5F-CCDD17074975}.Debug|Any CPU.ActiveCfg = Debug|Any CPU
		{F3FF1A9B-F0FB-4EF8-AB5F-CCDD17074975}.Debug|Any CPU.Build.0 = Debug|Any CPU
		{F3FF1A9B-F0FB-4EF8-AB5F-CCDD17074975}.Release|Any CPU.ActiveCfg = Release|Any CPU
		{F3FF1A9B-F0FB-4EF8-AB5F-CCDD17074975}.Release|Any CPU.Build.0 = Release|Any CPU
		{8F5BCB69-5C98-45AC-8D0E-BC6243391C4F}.Debug|Any CPU.ActiveCfg = Debug|Any CPU
		{8F5BCB69-5C98-45AC-8D0E-BC6243391C4F}.Debug|Any CPU.Build.0 = Debug|Any CPU
		{8F5BCB69-5C98-45AC-8D0E-BC6243391C4F}.Release|Any CPU.ActiveCfg = Release|Any CPU
		{8F5BCB69-5C98-45AC-8D0E-BC6243391C4F}.Release|Any CPU.Build.0 = Release|Any CPU
		{BF8E05BA-6265-439F-9855-91B8E7E8EE42}.Debug|Any CPU.ActiveCfg = Debug|Any CPU
		{BF8E05BA-6265-439F-9855-91B8E7E8EE42}.Debug|Any CPU.Build.0 = Debug|Any CPU
		{BF8E05BA-6265-439F-9855-91B8E7E8EE42}.Release|Any CPU.ActiveCfg = Release|Any CPU
		{BF8E05BA-6265-439F-9855-91B8E7E8EE42}.Release|Any CPU.Build.0 = Release|Any CPU
		{45303792-1D14-47AF-A772-135CCBB4E297}.Debug|Any CPU.ActiveCfg = Debug|Any CPU
		{45303792-1D14-47AF-A772-135CCBB4E297}.Debug|Any CPU.Build.0 = Debug|Any CPU
		{45303792-1D14-47AF-A772-135CCBB4E297}.Release|Any CPU.ActiveCfg = Release|Any CPU
		{45303792-1D14-47AF-A772-135CCBB4E297}.Release|Any CPU.Build.0 = Release|Any CPU
	EndGlobalSection
	GlobalSection(SolutionProperties) = preSolution
		HideSolutionNode = FALSE
	EndGlobalSection
	GlobalSection(NestedProjects) = preSolution
		{F3FF1A9B-F0FB-4EF8-AB5F-CCDD17074975} = {48D91CCC-31F9-4AAC-974E-D4F0A41FF3B4}
		{8F5BCB69-5C98-45AC-8D0E-BC6243391C4F} = {48D91CCC-31F9-4AAC-974E-D4F0A41FF3B4}
		{BF8E05BA-6265-439F-9855-91B8E7E8EE42} = {56E78607-6945-45AD-B557-A8DFA6598126}
		{45303792-1D14-47AF-A772-135CCBB4E297} = {EC3C8F06-0938-42A1-AEFD-6AD8B7EC79CE}
	EndGlobalSection
	GlobalSection(ExtensibilityGlobals) = postSolution
		SolutionGuid = {A14CAFA6-E219-47E5-8861-04AFC04DA371}
	EndGlobalSection
EndGlobal
